{
  "name": "flask-restplus",
  "version": "0.10.1",
  "lockfileVersion": 1,
  "requires": true,
  "dependencies": {
    "swagger-ui-dist": {
      "version": "3.4.0",
      "resolved": "https://registry.npmjs.org/swagger-ui-dist/-/swagger-ui-dist-3.4.0.tgz",
      "integrity": "sha1-WycKt8+A6NYe+kLTWAqLVtLxB4I="
    },
    "typeface-droid-sans": {
      "version": "0.0.40",
      "resolved": "https://registry.npmjs.org/typeface-droid-sans/-/typeface-droid-sans-0.0.40.tgz",
      "integrity": "sha512-ZXfoQ5WJ+iSbF4bXo+4QlbOCOcgAZL65tfRTN095W5mUAgpbu0gRVN5JEA4W5VvPoGaxg/VUlBim84nZeeIm0Q=="
    }
  }
}
